
Microsoft Visual Studio Solution File, Format Version 12.00
# Visual Studio Version 17
VisualStudioVersion = 17.14.36212.18
MinimumVisualStudioVersion = 10.0.40219.1
Project("{FAE04EC0-301F-11D3-BF4B-00C04F79EFBC}") = "myShop.DataAccess", "myShop.DataAccess\myShop.DataAccess.csproj", "{1B463CE0-614D-4747-A840-9468B0C2ACF7}"
EndProject
Project("{FAE04EC0-301F-11D3-BF4B-00C04F79EFBC}") = "myShop.Entities", "myShop.Entities\myShop.Entities.csproj", "{4A10CA60-BAE2-458F-AC90-D32E2FA4751D}"
EndProject
Project("{FAE04EC0-301F-11D3-BF4B-00C04F79EFBC}") = "myShop.Web", "myShop.Web\myShop.Web.csproj", "{EDBEAFAC-9465-42BC-8A44-3BA7C493E1CF}"
EndProject
Project("{FAE04EC0-301F-11D3-BF4B-00C04F79EFBC}") = "myShop.Utilities", "Utilities\myShop.Utilities.csproj", "{11F25FB8-A7D8-4D19-A6F8-DDE17A627EFF}"
EndProject
Global
	GlobalSection(SolutionConfigurationPlatforms) = preSolution
		Debug|Any CPU = Debug|Any CPU
		Release|Any CPU = Release|Any CPU
	EndGlobalSection
	GlobalSection(ProjectConfigurationPlatforms) = postSolution
		{1B463CE0-614D-4747-A840-9468B0C2ACF7}.Debug|Any CPU.ActiveCfg = Debug|Any CPU
		{1B463CE0-614D-4747-A840-9468B0C2ACF7}.Debug|Any CPU.Build.0 = Debug|Any CPU
		{1B463CE0-614D-4747-A840-9468B0C2ACF7}.Release|Any CPU.ActiveCfg = Release|Any CPU
		{1B463CE0-614D-4747-A840-9468B0C2ACF7}.Release|Any CPU.Build.0 = Release|Any CPU
		{4A10CA60-BAE2-458F-AC90-D32E2FA4751D}.Debug|Any CPU.ActiveCfg = Debug|Any CPU
		{4A10CA60-BAE2-458F-AC90-D32E2FA4751D}.Debug|Any CPU.Build.0 = Debug|Any CPU
		{4A10CA60-BAE2-458F-AC90-D32E2FA4751D}.Release|Any CPU.ActiveCfg = Release|Any CPU
		{4A10CA60-BAE2-458F-AC90-D32E2FA4751D}.Release|Any CPU.Build.0 = Release|Any CPU
		{EDBEAFAC-9465-42BC-8A44-3BA7C493E1CF}.Debug|Any CPU.ActiveCfg = Debug|Any CPU
		{EDBEAFAC-9465-42BC-8A44-3BA7C493E1CF}.Debug|Any CPU.Build.0 = Debug|Any CPU
		{EDBEAFAC-9465-42BC-8A44-3BA7C493E1CF}.Release|Any CPU.ActiveCfg = Release|Any CPU
		{EDBEAFAC-9465-42BC-8A44-3BA7C493E1CF}.Release|Any CPU.Build.0 = Release|Any CPU
		{11F25FB8-A7D8-4D19-A6F8-DDE17A627EFF}.Debug|Any CPU.ActiveCfg = Debug|Any CPU
		{11F25FB8-A7D8-4D19-A6F8-DDE17A627EFF}.Debug|Any CPU.Build.0 = Debug|Any CPU
		{11F25FB8-A7D8-4D19-A6F8-DDE17A627EFF}.Release|Any CPU.ActiveCfg = Release|Any CPU
		{11F25FB8-A7D8-4D19-A6F8-DDE17A627EFF}.Release|Any CPU.Build.0 = Release|Any CPU
	EndGlobalSection
	GlobalSection(SolutionProperties) = preSolution
		HideSolutionNode = FALSE
	EndGlobalSection
	GlobalSection(ExtensibilityGlobals) = postSolution
		SolutionGuid = {2D588688-1A49-4DEE-9A8C-C874E1D6C7A6}
	EndGlobalSection
EndGlobal
